
Microsoft Visual Studio Solution File, Format Version 12.00
# Visual Studio Version 17
VisualStudioVersion = 17.14.36705.20 d17.14
MinimumVisualStudioVersion = 10.0.40219.1
Project("{FAE04EC0-301F-11D3-BF4B-00C04F79EFBC}") = "GravityParticles", "GravityParticles\GravityParticles.csproj", "{A69D637A-C413-4730-8690-8DE89C898887}"
EndProject
Global
	GlobalSection(SolutionConfigurationPlatforms) = preSolution
		Debug|Any CPU = Debug|Any CPU
		Release|Any CPU = Release|Any CPU
	EndGlobalSection
	GlobalSection(ProjectConfigurationPlatforms) = postSolution
		{A69D637A-C413-4730-8690-8DE89C898887}.Debug|Any CPU.ActiveCfg = Debug|Any CPU
		{A69D637A-C413-4730-8690-8DE89C898887}.Debug|Any CPU.Build.0 = Debug|Any CPU
		{A69D637A-C413-4730-8690-8DE89C898887}.Release|Any CPU.ActiveCfg = Release|Any CPU
		{A69D637A-C413-4730-8690-8DE89C898887}.Release|Any CPU.Build.0 = Release|Any CPU
	EndGlobalSection
	GlobalSection(SolutionProperties) = preSolution
		HideSolutionNode = FALSE
	EndGlobalSection
	GlobalSection(ExtensibilityGlobals) = postSolution
		SolutionGuid = {F223489D-29BB-48D0-B7D9-606335D20553}
	EndGlobalSection
EndGlobal
